
Microsoft Visual Studio Solution File, Format Version 12.00
# Visual Studio Version 16
VisualStudioVersion = 16.0.30413.136
MinimumVisualStudioVersion = 10.0.40219.1
Project("{FAE04EC0-301F-11D3-BF4B-00C04F79EFBC}") = "Navigationsprojekt", "Navigationsprojekt\Navigationsprojekt.csproj", "{F7A5C400-A011-4735-8BDF-39C57964750D}"
EndProject
Global
	GlobalSection(SolutionConfigurationPlatforms) = preSolution
		Debug|Any CPU = Debug|Any CPU
		Release|Any CPU = Release|Any CPU
	EndGlobalSection
	GlobalSection(ProjectConfigurationPlatforms) = postSolution
		{F7A5C400-A011-4735-8BDF-39C57964750D}.Debug|Any CPU.ActiveCfg = Debug|Any CPU
		{F7A5C400-A011-4735-8BDF-39C57964750D}.Debug|Any CPU.Build.0 = Debug|Any CPU
		{F7A5C400-A011-4735-8BDF-39C57964750D}.Release|Any CPU.ActiveCfg = Release|Any CPU
		{F7A5C400-A011-4735-8BDF-39C57964750D}.Release|Any CPU.Build.0 = Release|Any CPU
	EndGlobalSection
	GlobalSection(SolutionProperties) = preSolution
		HideSolutionNode = FALSE
	EndGlobalSection
	GlobalSection(ExtensibilityGlobals) = postSolution
		SolutionGuid = {83529E35-4731-4313-BBA7-C4984ECBF86B}
	EndGlobalSection
EndGlobal
